
Microsoft Visual Studio Solution File, Format Version 12.00
# Visual Studio Version 16
VisualStudioVersion = 16.0.29519.87
MinimumVisualStudioVersion = 10.0.40219.1
Project("{FAE04EC0-301F-11D3-BF4B-00C04F79EFBC}") = "exampleproject", "exampleproject\exampleproject.csproj", "{374AA7BC-69D2-4519-87D0-43D52BAC077E}"
EndProject
Project("{9A19103F-16F7-4668-BE54-9A1E7A4F7556}") = "BusinessLogic", "BusinessLogicService\BusinessLogic.csproj", "{A41BEE81-6AC1-40F1-9CDC-1FB78279F3CD}"
EndProject
Project("{9A19103F-16F7-4668-BE54-9A1E7A4F7556}") = "DataAccess", "DataAccess\DataAccess.csproj", "{F7778439-64F0-4241-B778-3B52B6314AD5}"
EndProject
Project("{9A19103F-16F7-4668-BE54-9A1E7A4F7556}") = "Entities", "Model\Entities.csproj", "{D4A94F6B-E233-4AB3-8749-7B0D9ED494D5}"
EndProject
Global
	GlobalSection(SolutionConfigurationPlatforms) = preSolution
		Debug|Any CPU = Debug|Any CPU
		Release|Any CPU = Release|Any CPU
	EndGlobalSection
	GlobalSection(ProjectConfigurationPlatforms) = postSolution
		{374AA7BC-69D2-4519-87D0-43D52BAC077E}.Debug|Any CPU.ActiveCfg = Debug|Any CPU
		{374AA7BC-69D2-4519-87D0-43D52BAC077E}.Debug|Any CPU.Build.0 = Debug|Any CPU
		{374AA7BC-69D2-4519-87D0-43D52BAC077E}.Release|Any CPU.ActiveCfg = Release|Any CPU
		{374AA7BC-69D2-4519-87D0-43D52BAC077E}.Release|Any CPU.Build.0 = Release|Any CPU
		{A41BEE81-6AC1-40F1-9CDC-1FB78279F3CD}.Debug|Any CPU.ActiveCfg = Debug|Any CPU
		{A41BEE81-6AC1-40F1-9CDC-1FB78279F3CD}.Debug|Any CPU.Build.0 = Debug|Any CPU
		{A41BEE81-6AC1-40F1-9CDC-1FB78279F3CD}.Release|Any CPU.ActiveCfg = Release|Any CPU
		{A41BEE81-6AC1-40F1-9CDC-1FB78279F3CD}.Release|Any CPU.Build.0 = Release|Any CPU
		{F7778439-64F0-4241-B778-3B52B6314AD5}.Debug|Any CPU.ActiveCfg = Debug|Any CPU
		{F7778439-64F0-4241-B778-3B52B6314AD5}.Debug|Any CPU.Build.0 = Debug|Any CPU
		{F7778439-64F0-4241-B778-3B52B6314AD5}.Release|Any CPU.ActiveCfg = Release|Any CPU
		{F7778439-64F0-4241-B778-3B52B6314AD5}.Release|Any CPU.Build.0 = Release|Any CPU
		{D4A94F6B-E233-4AB3-8749-7B0D9ED494D5}.Debug|Any CPU.ActiveCfg = Debug|Any CPU
		{D4A94F6B-E233-4AB3-8749-7B0D9ED494D5}.Debug|Any CPU.Build.0 = Debug|Any CPU
		{D4A94F6B-E233-4AB3-8749-7B0D9ED494D5}.Release|Any CPU.ActiveCfg = Release|Any CPU
		{D4A94F6B-E233-4AB3-8749-7B0D9ED494D5}.Release|Any CPU.Build.0 = Release|Any CPU
	EndGlobalSection
	GlobalSection(SolutionProperties) = preSolution
		HideSolutionNode = FALSE
	EndGlobalSection
	GlobalSection(ExtensibilityGlobals) = postSolution
		SolutionGuid = {AB91DCFB-3CC2-471D-B06B-F252ED4A2892}
	EndGlobalSection
EndGlobal
